
Microsoft Visual Studio Solution File, Format Version 12.00
# Visual Studio 15
VisualStudioVersion = 15.0.28307.421
MinimumVisualStudioVersion = 10.0.40219.1
Project("{FAE04EC0-301F-11D3-BF4B-00C04F79EFBC}") = "Task1", "Task1\Task1.csproj", "{C419B711-B6AB-4F37-92ED-76F17BDE8D67}"
EndProject
Project("{FAE04EC0-301F-11D3-BF4B-00C04F79EFBC}") = "Tast1Tests", "Tast1Tests\Tast1Tests.csproj", "{66887D77-2645-417D-BBC3-EF5001DC761C}"
EndProject
Global
	GlobalSection(SolutionConfigurationPlatforms) = preSolution
		Debug|Any CPU = Debug|Any CPU
		Release|Any CPU = Release|Any CPU
	EndGlobalSection
	GlobalSection(ProjectConfigurationPlatforms) = postSolution
		{C419B711-B6AB-4F37-92ED-76F17BDE8D67}.Debug|Any CPU.ActiveCfg = Debug|Any CPU
		{C419B711-B6AB-4F37-92ED-76F17BDE8D67}.Debug|Any CPU.Build.0 = Debug|Any CPU
		{C419B711-B6AB-4F37-92ED-76F17BDE8D67}.Release|Any CPU.ActiveCfg = Release|Any CPU
		{C419B711-B6AB-4F37-92ED-76F17BDE8D67}.Release|Any CPU.Build.0 = Release|Any CPU
		{66887D77-2645-417D-BBC3-EF5001DC761C}.Debug|Any CPU.ActiveCfg = Debug|Any CPU
		{66887D77-2645-417D-BBC3-EF5001DC761C}.Debug|Any CPU.Build.0 = Debug|Any CPU
		{66887D77-2645-417D-BBC3-EF5001DC761C}.Release|Any CPU.ActiveCfg = Release|Any CPU
		{66887D77-2645-417D-BBC3-EF5001DC761C}.Release|Any CPU.Build.0 = Release|Any CPU
	EndGlobalSection
	GlobalSection(SolutionProperties) = preSolution
		HideSolutionNode = FALSE
	EndGlobalSection
	GlobalSection(ExtensibilityGlobals) = postSolution
		SolutionGuid = {AB7E2F0F-36F0-4C1C-9F33-A1C35817AD9A}
	EndGlobalSection
EndGlobal
